
Microsoft Visual Studio Solution File, Format Version 12.00
# Visual Studio 14
VisualStudioVersion = 14.0.23107.0
MinimumVisualStudioVersion = 10.0.40219.1
Project("{FAE04EC0-301F-11D3-BF4B-00C04F79EFBC}") = "WebLinterVsix", "src\WebLinterVsix\WebLinterVsix.csproj", "{F541D968-0FC8-4AD3-9693-6169F47399F0}"
EndProject
Project("{FAE04EC0-301F-11D3-BF4B-00C04F79EFBC}") = "WebLinter", "src\WebLinter\WebLinter.csproj", "{9530FD25-EB47-44D8-9F0B-F989B639DEBE}"
EndProject
Project("{FAE04EC0-301F-11D3-BF4B-00C04F79EFBC}") = "WebLinterTest", "src\WebLinterTest\WebLinterTest.csproj", "{4480E2E4-80C1-4DB4-B6CD-000A9B5DA03D}"
EndProject
Project("{2150E333-8FDC-42A3-9474-1A3956D46DE8}") = "Solution Items", "Solution Items", "{3BDFE0EC-C4AF-422A-BED1-D5EC825FB6B5}"
	ProjectSection(SolutionItems) = preProject
		.gitignore = .gitignore
		appveyor.yml = appveyor.yml
		build\build.cmd = build\build.cmd
		CHANGELOG.md = CHANGELOG.md
		README.md = README.md
	EndProjectSection
EndProject
Global
	GlobalSection(SolutionConfigurationPlatforms) = preSolution
		Debug|Any CPU = Debug|Any CPU
		Release|Any CPU = Release|Any CPU
	EndGlobalSection
	GlobalSection(ProjectConfigurationPlatforms) = postSolution
		{F541D968-0FC8-4AD3-9693-6169F47399F0}.Debug|Any CPU.ActiveCfg = Debug|Any CPU
		{F541D968-0FC8-4AD3-9693-6169F47399F0}.Debug|Any CPU.Build.0 = Debug|Any CPU
		{F541D968-0FC8-4AD3-9693-6169F47399F0}.Release|Any CPU.ActiveCfg = Release|Any CPU
		{F541D968-0FC8-4AD3-9693-6169F47399F0}.Release|Any CPU.Build.0 = Release|Any CPU
		{9530FD25-EB47-44D8-9F0B-F989B639DEBE}.Debug|Any CPU.ActiveCfg = Debug|Any CPU
		{9530FD25-EB47-44D8-9F0B-F989B639DEBE}.Debug|Any CPU.Build.0 = Debug|Any CPU
		{9530FD25-EB47-44D8-9F0B-F989B639DEBE}.Release|Any CPU.ActiveCfg = Release|Any CPU
		{9530FD25-EB47-44D8-9F0B-F989B639DEBE}.Release|Any CPU.Build.0 = Release|Any CPU
		{4480E2E4-80C1-4DB4-B6CD-000A9B5DA03D}.Debug|Any CPU.ActiveCfg = Debug|Any CPU
		{4480E2E4-80C1-4DB4-B6CD-000A9B5DA03D}.Debug|Any CPU.Build.0 = Debug|Any CPU
		{4480E2E4-80C1-4DB4-B6CD-000A9B5DA03D}.Release|Any CPU.ActiveCfg = Release|Any CPU
		{4480E2E4-80C1-4DB4-B6CD-000A9B5DA03D}.Release|Any CPU.Build.0 = Release|Any CPU
	EndGlobalSection
	GlobalSection(SolutionProperties) = preSolution
		HideSolutionNode = FALSE
	EndGlobalSection
EndGlobal
